
Microsoft Visual Studio Solution File, Format Version 12.00
# Visual Studio Version 17
VisualStudioVersion = 17.2.32616.157
MinimumVisualStudioVersion = 10.0.40219.1
Project("{9A19103F-16F7-4668-BE54-9A1E7A4F7556}") = "Domain.Core", "Domain.Core\Domain.Core.csproj", "{CCA75FF0-FD88-46B5-A31E-9BC639E8BC95}"
EndProject
Project("{9A19103F-16F7-4668-BE54-9A1E7A4F7556}") = "Infraestructure", "Infraestructure\Infraestructure.csproj", "{502823EC-B3B1-4005-95EA-536D75895654}"
EndProject
Project("{9A19103F-16F7-4668-BE54-9A1E7A4F7556}") = "Application", "Application\Application.csproj", "{63EF30B1-5777-45F7-81EB-D50CC6A04060}"
EndProject
Project("{9A19103F-16F7-4668-BE54-9A1E7A4F7556}") = "WebAPI", "WebAPI\WebAPI.csproj", "{BC933878-0E9E-4B1B-A0EF-269E3499BC7E}"
EndProject
Global
	GlobalSection(SolutionConfigurationPlatforms) = preSolution
		Debug|Any CPU = Debug|Any CPU
		Release|Any CPU = Release|Any CPU
	EndGlobalSection
	GlobalSection(ProjectConfigurationPlatforms) = postSolution
		{CCA75FF0-FD88-46B5-A31E-9BC639E8BC95}.Debug|Any CPU.ActiveCfg = Debug|Any CPU
		{CCA75FF0-FD88-46B5-A31E-9BC639E8BC95}.Debug|Any CPU.Build.0 = Debug|Any CPU
		{CCA75FF0-FD88-46B5-A31E-9BC639E8BC95}.Release|Any CPU.ActiveCfg = Release|Any CPU
		{CCA75FF0-FD88-46B5-A31E-9BC639E8BC95}.Release|Any CPU.Build.0 = Release|Any CPU
		{502823EC-B3B1-4005-95EA-536D75895654}.Debug|Any CPU.ActiveCfg = Debug|Any CPU
		{502823EC-B3B1-4005-95EA-536D75895654}.Debug|Any CPU.Build.0 = Debug|Any CPU
		{502823EC-B3B1-4005-95EA-536D75895654}.Release|Any CPU.ActiveCfg = Release|Any CPU
		{502823EC-B3B1-4005-95EA-536D75895654}.Release|Any CPU.Build.0 = Release|Any CPU
		{63EF30B1-5777-45F7-81EB-D50CC6A04060}.Debug|Any CPU.ActiveCfg = Debug|Any CPU
		{63EF30B1-5777-45F7-81EB-D50CC6A04060}.Debug|Any CPU.Build.0 = Debug|Any CPU
		{63EF30B1-5777-45F7-81EB-D50CC6A04060}.Release|Any CPU.ActiveCfg = Release|Any CPU
		{63EF30B1-5777-45F7-81EB-D50CC6A04060}.Release|Any CPU.Build.0 = Release|Any CPU
		{BC933878-0E9E-4B1B-A0EF-269E3499BC7E}.Debug|Any CPU.ActiveCfg = Debug|Any CPU
		{BC933878-0E9E-4B1B-A0EF-269E3499BC7E}.Debug|Any CPU.Build.0 = Debug|Any CPU
		{BC933878-0E9E-4B1B-A0EF-269E3499BC7E}.Release|Any CPU.ActiveCfg = Release|Any CPU
		{BC933878-0E9E-4B1B-A0EF-269E3499BC7E}.Release|Any CPU.Build.0 = Release|Any CPU
	EndGlobalSection
	GlobalSection(SolutionProperties) = preSolution
		HideSolutionNode = FALSE
	EndGlobalSection
	GlobalSection(ExtensibilityGlobals) = postSolution
		SolutionGuid = {87725AEA-8ED9-4358-9CAE-9937A7525E9F}
	EndGlobalSection
EndGlobal
